{
    "_meta": {
        "hash": {
            "sha256": "fa594863d70b7a9fb44b451a03c4b6fd35f977c0336c3a157cb7ecb8ace32508"
        },
        "pipfile-spec": 6,
        "requires": {
            "python_full_version": "3.12.1",
            "python_version": "3.12"
        },
        "sources": [
            {
                "name": "pypi",
                "url": "https://pypi.org/simple",
                "verify_ssl": true
            }
        ]
    },
    "default": {
        "asgiref": {
            "hashes": [
                "sha256:3e1e3ecc849832fe52ccf2cb6686b7a55f82bb1d6aee72a58826471390335e47",
                "sha256:c343bd80a0bec947a9860adb4c432ffa7db769836c64238fc34bdc3fec84d590"
            ],
            "markers": "python_version >= '3.8'",
            "version": "==3.8.1"
        },
        "certifi": {
            "hashes": [
                "sha256:0569859f95fc761b18b45ef421b1290a0f65f147e92a1e5eb3e635f9a5e4e66f",
                "sha256:dc383c07b76109f368f6106eee2b593b04a011ea4d55f652c6ca24a754d1cdd1"
            ],
            "markers": "python_version >= '3.6'",
            "version": "==2024.2.2"
        },
        "distlib": {
            "hashes": [
                "sha256:034db59a0b96f8ca18035f36290806a9a6e6bd9d1ff91e45a7f172eb17e51784",
                "sha256:1530ea13e350031b6312d8580ddb6b27a104275a31106523b8f123787f494f64"
            ],
            "version": "==0.3.8"
        },
        "django": {
            "hashes": [
                "sha256:4bd01a8c830bb77a8a3b0e7d8b25b887e536ad17a81ba2dce5476135c73312bd",
                "sha256:916423499d75d62da7aa038d19aef23d23498d8df229775eb0a6309ee1013775"
            ],
            "index": "pypi",
            "markers": "python_version >= '3.10'",
            "version": "==5.0.4"
        },
        "django-debug-toolbar": {
            "hashes": [
                "sha256:0b0dddee5ea29b9cb678593bc0d7a6d76b21d7799cb68e091a2148341a80f3c4",
                "sha256:e09b7dcb8417b743234dfc57c95a7c1d1d87a88844abd13b4c5387f807b31bf6"
            ],
            "index": "pypi",
            "markers": "python_version >= '3.8'",
            "version": "==4.3.0"
        },
        "filelock": {
            "hashes": [
                "sha256:5ffa845303983e7a0b7ae17636509bc97997d58afeafa72fb141a17b152284cb",
                "sha256:a79895a25bbefdf55d1a2a0a80968f7dbb28edcd6d4234a0afb3f37ecde4b546"
            ],
            "markers": "python_version >= '3.8'",
            "version": "==3.13.3"
        },
        "mysqlclient": {
            "hashes": [
                "sha256:329e4eec086a2336fe3541f1ce095d87a6f169d1cc8ba7b04ac68bcb234c9711",
                "sha256:33bc9fb3464e7d7c10b1eaf7336c5ff8f2a3d3b88bab432116ad2490beb3bf41",
                "sha256:3c318755e06df599338dad7625f884b8a71fcf322a9939ef78c9b3db93e1de7a",
                "sha256:4e80dcad884dd6e14949ac6daf769123223a52a6805345608bf49cdaf7bc8b3a",
                "sha256:9d3310295cb682232cadc28abd172f406c718b9ada41d2371259098ae37779d3",
                "sha256:9d4c015480c4a6b2b1602eccd9846103fc70606244788d04aa14b31c4bd1f0e2",
                "sha256:ac44777eab0a66c14cb0d38965572f762e193ec2e5c0723bcd11319cc5b693c5",
                "sha256:d43987bb9626096a302ca6ddcdd81feaeca65ced1d5fe892a6a66b808326aa54",
                "sha256:e1ebe3f41d152d7cb7c265349fdb7f1eca86ccb0ca24a90036cde48e00ceb2ab"
            ],
            "index": "pypi",
            "markers": "python_version >= '3.8'",
            "version": "==2.2.4"
        },
        "pipenv": {
            "hashes": [
                "sha256:4aea73e23944e464ad2b849328e780ad121c5336e1c24a7ac15aa493c41c2341",
                "sha256:96c8af7c36691fbc648959f3f631954212398246c8cfcfa529ec09bc5d0bfd01"
            ],
            "index": "pypi",
            "markers": "python_version >= '3.8'",
            "version": "==2023.12.1"
        },
        "platformdirs": {
            "hashes": [
                "sha256:0614df2a2f37e1a662acbd8e2b25b92ccf8632929bc6d43467e17fe89c75e068",
                "sha256:ef0cc731df711022c174543cb70a9b5bd22e5a9337c8624ef2c2ceb8ddad8768"
            ],
            "markers": "python_version >= '3.8'",
            "version": "==4.2.0"
        },
        "setuptools": {
            "hashes": [
                "sha256:0ff4183f8f42cd8fa3acea16c45205521a4ef28f73c6391d8a25e92893134f2e",
                "sha256:c21c49fb1042386df081cb5d86759792ab89efca84cf114889191cd09aacc80c"
            ],
            "index": "pypi",
            "markers": "python_version >= '3.8'",
            "version": "==69.2.0"
        },
        "sqlparse": {
            "hashes": [
                "sha256:5430a4fe2ac7d0f93e66f1efc6e1338a41884b7ddf2a350cedd20ccc4d9d28f3",
                "sha256:d446183e84b8349fa3061f0fe7f06ca94ba65b426946ffebe6e3e8295332420c"
            ],
            "markers": "python_version >= '3.5'",
            "version": "==0.4.4"
        },
        "tzdata": {
            "hashes": [
                "sha256:2674120f8d891909751c38abcdfd386ac0a5a1127954fbc332af6b5ceae07efd",
                "sha256:9068bc196136463f5245e51efda838afa15aaeca9903f49050dfa2679db4d252"
            ],
            "markers": "sys_platform == 'win32'",
            "version": "==2024.1"
        },
        "virtualenv": {
            "hashes": [
                "sha256:961c026ac520bac5f69acb8ea063e8a4f071bcc9457b9c1f28f6b085c511583a",
                "sha256:e08e13ecdca7a0bd53798f356d5831434afa5b07b93f0abdf0797b7a06ffe197"
            ],
            "markers": "python_version >= '3.7'",
            "version": "==20.25.1"
        }
    },
    "develop": {}
}
